
Microsoft Visual Studio Solution File, Format Version 12.00
# Visual Studio Version 16
VisualStudioVersion = 16.0.31025.194
MinimumVisualStudioVersion = 10.0.40219.1
Project("{FAE04EC0-301F-11D3-BF4B-00C04F79EFBC}") = "Avaliacao01", "Avaliacao01\Avaliacao01.csproj", "{8B24E691-F71B-4C54-96C4-58E6B7465010}"
EndProject
Global
	GlobalSection(SolutionConfigurationPlatforms) = preSolution
		Debug|Any CPU = Debug|Any CPU
		Release|Any CPU = Release|Any CPU
	EndGlobalSection
	GlobalSection(ProjectConfigurationPlatforms) = postSolution
		{8B24E691-F71B-4C54-96C4-58E6B7465010}.Debug|Any CPU.ActiveCfg = Debug|Any CPU
		{8B24E691-F71B-4C54-96C4-58E6B7465010}.Debug|Any CPU.Build.0 = Debug|Any CPU
		{8B24E691-F71B-4C54-96C4-58E6B7465010}.Release|Any CPU.ActiveCfg = Release|Any CPU
		{8B24E691-F71B-4C54-96C4-58E6B7465010}.Release|Any CPU.Build.0 = Release|Any CPU
	EndGlobalSection
	GlobalSection(SolutionProperties) = preSolution
		HideSolutionNode = FALSE
	EndGlobalSection
	GlobalSection(ExtensibilityGlobals) = postSolution
		SolutionGuid = {6D892E68-69E1-4B3D-8E1D-5D551B5C1254}
	EndGlobalSection
EndGlobal
