
Microsoft Visual Studio Solution File, Format Version 12.00
# Visual Studio Version 16
VisualStudioVersion = 16.0.31025.194
MinimumVisualStudioVersion = 10.0.40219.1
Project("{FAE04EC0-301F-11D3-BF4B-00C04F79EFBC}") = "Laboratorio03-exercicio3", "Laboratorio03-exercicio3\Laboratorio03-exercicio3.csproj", "{3AA39825-A084-44D1-8805-B6F5724E9E61}"
EndProject
Global
	GlobalSection(SolutionConfigurationPlatforms) = preSolution
		Debug|Any CPU = Debug|Any CPU
		Release|Any CPU = Release|Any CPU
	EndGlobalSection
	GlobalSection(ProjectConfigurationPlatforms) = postSolution
		{3AA39825-A084-44D1-8805-B6F5724E9E61}.Debug|Any CPU.ActiveCfg = Debug|Any CPU
		{3AA39825-A084-44D1-8805-B6F5724E9E61}.Debug|Any CPU.Build.0 = Debug|Any CPU
		{3AA39825-A084-44D1-8805-B6F5724E9E61}.Release|Any CPU.ActiveCfg = Release|Any CPU
		{3AA39825-A084-44D1-8805-B6F5724E9E61}.Release|Any CPU.Build.0 = Release|Any CPU
	EndGlobalSection
	GlobalSection(SolutionProperties) = preSolution
		HideSolutionNode = FALSE
	EndGlobalSection
	GlobalSection(ExtensibilityGlobals) = postSolution
		SolutionGuid = {CAD796C7-FDA2-4CDA-A7FA-F1590F37F9FD}
	EndGlobalSection
EndGlobal
